
Microsoft Visual Studio Solution File, Format Version 12.00
# Visual Studio 15
VisualStudioVersion = 15.0.28307.489
MinimumVisualStudioVersion = 10.0.40219.1
Project("{FAE04EC0-301F-11D3-BF4B-00C04F79EFBC}") = "HealthChecks.Api", "HealthChecks.Api\HealthChecks.Api.csproj", "{9ADC4A91-66EC-4AA9-88D8-383AAFD41F3B}"
EndProject
Project("{FAE04EC0-301F-11D3-BF4B-00C04F79EFBC}") = "HealthChecks.Web", "HealthChecks.Web\HealthChecks.Web.csproj", "{039FD094-AF1C-4844-B172-54758631F317}"
EndProject
Global
	GlobalSection(SolutionConfigurationPlatforms) = preSolution
		Debug|Any CPU = Debug|Any CPU
		Release|Any CPU = Release|Any CPU
	EndGlobalSection
	GlobalSection(ProjectConfigurationPlatforms) = postSolution
		{9ADC4A91-66EC-4AA9-88D8-383AAFD41F3B}.Debug|Any CPU.ActiveCfg = Debug|Any CPU
		{9ADC4A91-66EC-4AA9-88D8-383AAFD41F3B}.Debug|Any CPU.Build.0 = Debug|Any CPU
		{9ADC4A91-66EC-4AA9-88D8-383AAFD41F3B}.Release|Any CPU.ActiveCfg = Release|Any CPU
		{9ADC4A91-66EC-4AA9-88D8-383AAFD41F3B}.Release|Any CPU.Build.0 = Release|Any CPU
		{039FD094-AF1C-4844-B172-54758631F317}.Debug|Any CPU.ActiveCfg = Debug|Any CPU
		{039FD094-AF1C-4844-B172-54758631F317}.Debug|Any CPU.Build.0 = Debug|Any CPU
		{039FD094-AF1C-4844-B172-54758631F317}.Release|Any CPU.ActiveCfg = Release|Any CPU
		{039FD094-AF1C-4844-B172-54758631F317}.Release|Any CPU.Build.0 = Release|Any CPU
	EndGlobalSection
	GlobalSection(SolutionProperties) = preSolution
		HideSolutionNode = FALSE
	EndGlobalSection
	GlobalSection(ExtensibilityGlobals) = postSolution
		SolutionGuid = {4064703D-3493-43D6-88C3-454332E2447B}
	EndGlobalSection
EndGlobal
